
Microsoft Visual Studio Solution File, Format Version 12.00
# Visual Studio 2012
Project("{FAE04EC0-301F-11D3-BF4B-00C04F79EFBC}") = "AppVomboBox", "AppVomboBox\AppVomboBox.csproj", "{3DA2D393-8DFF-4715-8524-212E08669821}"
EndProject
Global
	GlobalSection(SolutionConfigurationPlatforms) = preSolution
		Debug|Any CPU = Debug|Any CPU
		Release|Any CPU = Release|Any CPU
	EndGlobalSection
	GlobalSection(ProjectConfigurationPlatforms) = postSolution
		{3DA2D393-8DFF-4715-8524-212E08669821}.Debug|Any CPU.ActiveCfg = Debug|Any CPU
		{3DA2D393-8DFF-4715-8524-212E08669821}.Debug|Any CPU.Build.0 = Debug|Any CPU
		{3DA2D393-8DFF-4715-8524-212E08669821}.Release|Any CPU.ActiveCfg = Release|Any CPU
		{3DA2D393-8DFF-4715-8524-212E08669821}.Release|Any CPU.Build.0 = Release|Any CPU
	EndGlobalSection
	GlobalSection(SolutionProperties) = preSolution
		HideSolutionNode = FALSE
	EndGlobalSection
EndGlobal
